
Microsoft Visual Studio Solution File, Format Version 12.00
# Visual Studio Version 16
VisualStudioVersion = 16.0.30804.86
MinimumVisualStudioVersion = 10.0.40219.1
Project("{FAE04EC0-301F-11D3-BF4B-00C04F79EFBC}") = "FunctionApp1", "FunctionApp1\FunctionApp1.csproj", "{D7C81565-0448-4B81-B702-58B37802B4A4}"
EndProject
Global
	GlobalSection(SolutionConfigurationPlatforms) = preSolution
		Debug|Any CPU = Debug|Any CPU
		Release|Any CPU = Release|Any CPU
	EndGlobalSection
	GlobalSection(ProjectConfigurationPlatforms) = postSolution
		{D7C81565-0448-4B81-B702-58B37802B4A4}.Debug|Any CPU.ActiveCfg = Debug|Any CPU
		{D7C81565-0448-4B81-B702-58B37802B4A4}.Debug|Any CPU.Build.0 = Debug|Any CPU
		{D7C81565-0448-4B81-B702-58B37802B4A4}.Release|Any CPU.ActiveCfg = Release|Any CPU
		{D7C81565-0448-4B81-B702-58B37802B4A4}.Release|Any CPU.Build.0 = Release|Any CPU
	EndGlobalSection
	GlobalSection(SolutionProperties) = preSolution
		HideSolutionNode = FALSE
	EndGlobalSection
	GlobalSection(ExtensibilityGlobals) = postSolution
		SolutionGuid = {8CE8D6B6-9691-48DE-B38C-BCB804E73C4C}
	EndGlobalSection
EndGlobal
